<?xml version="1.0" encoding="utf-8"?>
<Project ToolsVersion="4.0" xmlns="http://schemas.microsoft.com/developer/msbuild/2003">
  <ItemGroup>
    <Filter Include="Исходные файлы">
      <UniqueIdentifier>{4FC737F1-C7A5-4376-A066-2A32D752A2FF}</UniqueIdentifier>
      <Extensions>cpp;c;cc;cxx;c++;cppm;ixx;def;odl;idl;hpj;bat;asm;asmx</Extensions>
    </Filter>
    <Filter Include="Файлы заголовков">
      <UniqueIdentifier>{93995380-89BD-4b04-88EB-625FBE52EBFB}</UniqueIdentifier>
      <Extensions>h;hh;hpp;hxx;h++;hm;inl;inc;ipp;xsd</Extensions>
    </Filter>
    <Filter Include="Файлы ресурсов">
      <UniqueIdentifier>{67DA6AB6-F800-4c08-8B7A-83BB121AAD01}</UniqueIdentifier>
      <Extensions>rc;ico;cur;bmp;dlg;rc2;rct;bin;rgs;gif;jpg;jpeg;jpe;resx;tiff;tif;png;wav;mfcribbon-ms</Extensions>
    </Filter>
    <Filter Include="Файлы заголовков\Dice">
      <UniqueIdentifier>{8903c9a9-22d4-407d-b39b-1f6e0c0601c5}</UniqueIdentifier>
    </Filter>
    <Filter Include="Файлы заголовков\Graph">
      <UniqueIdentifier>{9e508c77-a8d5-423f-97aa-4ff1701f6639}</UniqueIdentifier>
    </Filter>
  </ItemGroup>
  <ItemGroup>
    <ClCompile Include="3sem-ooop-lab1.cpp">
      <Filter>Исходные файлы</Filter>
    </ClCompile>
    <ClCompile Include="UI.cpp">
      <Filter>Исходные файлы</Filter>
    </ClCompile>
  </ItemGroup>
  <ItemGroup>
    <ClInclude Include="UI.hpp">
      <Filter>Файлы заголовков</Filter>
    </ClInclude>
    <ClInclude Include="ostream_vector_operator.hpp">
      <Filter>Файлы заголовков</Filter>
    </ClInclude>
    <ClInclude Include="graphs\Graph_list.hpp">
      <Filter>Файлы заголовков\Graph</Filter>
    </ClInclude>
    <ClInclude Include="graphs\Graph_matrix.hpp">
      <Filter>Файлы заголовков\Graph</Filter>
    </ClInclude>
    <ClInclude Include="graphs\Edge.hpp">
      <Filter>Файлы заголовков\Graph</Filter>
    </ClInclude>
    <ClInclude Include="graphs\Node.hpp">
      <Filter>Файлы заголовков\Graph</Filter>
    </ClInclude>
    <ClInclude Include="dice\Dice.hpp">
      <Filter>Файлы заголовков\Dice</Filter>
    </ClInclude>
    <ClInclude Include="dice\Dice_set.hpp">
      <Filter>Файлы заголовков\Dice</Filter>
    </ClInclude>
    <ClInclude Include="dice\Dice_side.hpp">
      <Filter>Файлы заголовков\Dice</Filter>
    </ClInclude>
  </ItemGroup>
</Project>